
Microsoft Visual Studio Solution File, Format Version 12.00
# Visual Studio 14
VisualStudioVersion = 14.0.23107.0
MinimumVisualStudioVersion = 10.0.40219.1
Project("{FAE04EC0-301F-11D3-BF4B-00C04F79EFBC}") = "TRWatcher", "TRWatcher\TRWatcher.csproj", "{DFE2A2B2-B4A4-4A7A-A8D6-D2368BA577EE}"
EndProject
Project("{FAE04EC0-301F-11D3-BF4B-00C04F79EFBC}") = "WatcherConsole", "WatcherConsole\WatcherConsole.csproj", "{18D25E1D-1D09-49BA-94B1-F42F1147E99C}"
EndProject
Project("{FAE04EC0-301F-11D3-BF4B-00C04F79EFBC}") = "DataContract", "DataContract\DataContract.csproj", "{C142483D-F187-4D7C-99D0-7D0E64EAE644}"
EndProject
Project("{FAE04EC0-301F-11D3-BF4B-00C04F79EFBC}") = "TestProject", "TestProject\TestProject.csproj", "{18C023A0-15D3-48EA-98D5-F388E2A05DF6}"
EndProject
Project("{2150E333-8FDC-42A3-9474-1A3956D46DE8}") = "Tools", "Tools", "{564C1EA5-B497-4582-91C4-FECF23987D68}"
EndProject
Global
	GlobalSection(SolutionConfigurationPlatforms) = preSolution
		Debug|Any CPU = Debug|Any CPU
		Release|Any CPU = Release|Any CPU
	EndGlobalSection
	GlobalSection(ProjectConfigurationPlatforms) = postSolution
		{DFE2A2B2-B4A4-4A7A-A8D6-D2368BA577EE}.Debug|Any CPU.ActiveCfg = Debug|Any CPU
		{DFE2A2B2-B4A4-4A7A-A8D6-D2368BA577EE}.Debug|Any CPU.Build.0 = Debug|Any CPU
		{DFE2A2B2-B4A4-4A7A-A8D6-D2368BA577EE}.Release|Any CPU.ActiveCfg = Release|Any CPU
		{DFE2A2B2-B4A4-4A7A-A8D6-D2368BA577EE}.Release|Any CPU.Build.0 = Release|Any CPU
		{18D25E1D-1D09-49BA-94B1-F42F1147E99C}.Debug|Any CPU.ActiveCfg = Debug|Any CPU
		{18D25E1D-1D09-49BA-94B1-F42F1147E99C}.Debug|Any CPU.Build.0 = Debug|Any CPU
		{18D25E1D-1D09-49BA-94B1-F42F1147E99C}.Release|Any CPU.ActiveCfg = Release|Any CPU
		{18D25E1D-1D09-49BA-94B1-F42F1147E99C}.Release|Any CPU.Build.0 = Release|Any CPU
		{C142483D-F187-4D7C-99D0-7D0E64EAE644}.Debug|Any CPU.ActiveCfg = Debug|Any CPU
		{C142483D-F187-4D7C-99D0-7D0E64EAE644}.Debug|Any CPU.Build.0 = Debug|Any CPU
		{C142483D-F187-4D7C-99D0-7D0E64EAE644}.Release|Any CPU.ActiveCfg = Release|Any CPU
		{C142483D-F187-4D7C-99D0-7D0E64EAE644}.Release|Any CPU.Build.0 = Release|Any CPU
		{18C023A0-15D3-48EA-98D5-F388E2A05DF6}.Debug|Any CPU.ActiveCfg = Debug|Any CPU
		{18C023A0-15D3-48EA-98D5-F388E2A05DF6}.Debug|Any CPU.Build.0 = Debug|Any CPU
		{18C023A0-15D3-48EA-98D5-F388E2A05DF6}.Release|Any CPU.ActiveCfg = Release|Any CPU
		{18C023A0-15D3-48EA-98D5-F388E2A05DF6}.Release|Any CPU.Build.0 = Release|Any CPU
	EndGlobalSection
	GlobalSection(SolutionProperties) = preSolution
		HideSolutionNode = FALSE
	EndGlobalSection
	GlobalSection(NestedProjects) = preSolution
		{18C023A0-15D3-48EA-98D5-F388E2A05DF6} = {564C1EA5-B497-4582-91C4-FECF23987D68}
	EndGlobalSection
EndGlobal
