
Microsoft Visual Studio Solution File, Format Version 12.00
# Visual Studio 14
VisualStudioVersion = 14.0.23107.0
MinimumVisualStudioVersion = 10.0.40219.1
Project("{FAE04EC0-301F-11D3-BF4B-00C04F79EFBC}") = "TRWatcher", "TRWatcher\TRWatcher.csproj", "{DFE2A2B2-B4A4-4A7A-A8D6-D2368BA577EE}"
EndProject
Project("{FAE04EC0-301F-11D3-BF4B-00C04F79EFBC}") = "WatcherConsole", "WatcherConsole\WatcherConsole.csproj", "{18D25E1D-1D09-49BA-94B1-F42F1147E99C}"
EndProject
Project("{FAE04EC0-301F-11D3-BF4B-00C04F79EFBC}") = "DataContract", "DataContract\DataContract.csproj", "{C142483D-F187-4D7C-99D0-7D0E64EAE644}"
EndProject
Project("{FAE04EC0-301F-11D3-BF4B-00C04F79EFBC}") = "WatcherConsole.Tests", "WatcherConsole.Tests\WatcherConsole.Tests.csproj", "{15684C43-75C0-47B4-883A-4AEE5DAE1CD2}"
EndProject
Project("{FAE04EC0-301F-11D3-BF4B-00C04F79EFBC}") = "DataContract.Tests", "DataContract.Tests\DataContract.Tests.csproj", "{B8927865-E1B8-4275-836F-7A1A57914A70}"
EndProject
Global
	GlobalSection(SolutionConfigurationPlatforms) = preSolution
		Debug|Any CPU = Debug|Any CPU
		Release|Any CPU = Release|Any CPU
	EndGlobalSection
	GlobalSection(ProjectConfigurationPlatforms) = postSolution
		{DFE2A2B2-B4A4-4A7A-A8D6-D2368BA577EE}.Debug|Any CPU.ActiveCfg = Debug|Any CPU
		{DFE2A2B2-B4A4-4A7A-A8D6-D2368BA577EE}.Debug|Any CPU.Build.0 = Debug|Any CPU
		{DFE2A2B2-B4A4-4A7A-A8D6-D2368BA577EE}.Release|Any CPU.ActiveCfg = Release|Any CPU
		{DFE2A2B2-B4A4-4A7A-A8D6-D2368BA577EE}.Release|Any CPU.Build.0 = Release|Any CPU
		{18D25E1D-1D09-49BA-94B1-F42F1147E99C}.Debug|Any CPU.ActiveCfg = Debug|Any CPU
		{18D25E1D-1D09-49BA-94B1-F42F1147E99C}.Debug|Any CPU.Build.0 = Debug|Any CPU
		{18D25E1D-1D09-49BA-94B1-F42F1147E99C}.Release|Any CPU.ActiveCfg = Release|Any CPU
		{18D25E1D-1D09-49BA-94B1-F42F1147E99C}.Release|Any CPU.Build.0 = Release|Any CPU
		{C142483D-F187-4D7C-99D0-7D0E64EAE644}.Debug|Any CPU.ActiveCfg = Debug|Any CPU
		{C142483D-F187-4D7C-99D0-7D0E64EAE644}.Debug|Any CPU.Build.0 = Debug|Any CPU
		{C142483D-F187-4D7C-99D0-7D0E64EAE644}.Release|Any CPU.ActiveCfg = Release|Any CPU
		{C142483D-F187-4D7C-99D0-7D0E64EAE644}.Release|Any CPU.Build.0 = Release|Any CPU
		{15684C43-75C0-47B4-883A-4AEE5DAE1CD2}.Debug|Any CPU.ActiveCfg = Debug|Any CPU
		{15684C43-75C0-47B4-883A-4AEE5DAE1CD2}.Debug|Any CPU.Build.0 = Debug|Any CPU
		{15684C43-75C0-47B4-883A-4AEE5DAE1CD2}.Release|Any CPU.ActiveCfg = Release|Any CPU
		{15684C43-75C0-47B4-883A-4AEE5DAE1CD2}.Release|Any CPU.Build.0 = Release|Any CPU
		{B8927865-E1B8-4275-836F-7A1A57914A70}.Debug|Any CPU.ActiveCfg = Debug|Any CPU
		{B8927865-E1B8-4275-836F-7A1A57914A70}.Debug|Any CPU.Build.0 = Debug|Any CPU
		{B8927865-E1B8-4275-836F-7A1A57914A70}.Release|Any CPU.ActiveCfg = Release|Any CPU
		{B8927865-E1B8-4275-836F-7A1A57914A70}.Release|Any CPU.Build.0 = Release|Any CPU
	EndGlobalSection
	GlobalSection(SolutionProperties) = preSolution
		HideSolutionNode = FALSE
	EndGlobalSection
EndGlobal
