
Microsoft Visual Studio Solution File, Format Version 12.00
# Visual Studio 2013
VisualStudioVersion = 12.0.21005.1
MinimumVisualStudioVersion = 10.0.40219.1
Project("{FAE04EC0-301F-11D3-BF4B-00C04F79EFBC}") = "DI", "DI\DI.csproj", "{A412A10D-20B8-4844-9085-7475E430963E}"
EndProject
Project("{FAE04EC0-301F-11D3-BF4B-00C04F79EFBC}") = "PacSpecial", "PacSpecial\PacSpecial.csproj", "{8A177EEC-6E6B-471C-B380-1A334246460A}"
EndProject
Project("{FAE04EC0-301F-11D3-BF4B-00C04F79EFBC}") = "Interface", "Interface\Interface.csproj", "{37716273-227D-4470-A7E0-C3C4109C4ECD}"
EndProject
Global
	GlobalSection(SolutionConfigurationPlatforms) = preSolution
		Debug|Any CPU = Debug|Any CPU
		Release|Any CPU = Release|Any CPU
	EndGlobalSection
	GlobalSection(ProjectConfigurationPlatforms) = postSolution
		{A412A10D-20B8-4844-9085-7475E430963E}.Debug|Any CPU.ActiveCfg = Debug|Any CPU
		{A412A10D-20B8-4844-9085-7475E430963E}.Debug|Any CPU.Build.0 = Debug|Any CPU
		{A412A10D-20B8-4844-9085-7475E430963E}.Release|Any CPU.ActiveCfg = Release|Any CPU
		{A412A10D-20B8-4844-9085-7475E430963E}.Release|Any CPU.Build.0 = Release|Any CPU
		{8A177EEC-6E6B-471C-B380-1A334246460A}.Debug|Any CPU.ActiveCfg = Debug|Any CPU
		{8A177EEC-6E6B-471C-B380-1A334246460A}.Debug|Any CPU.Build.0 = Debug|Any CPU
		{8A177EEC-6E6B-471C-B380-1A334246460A}.Release|Any CPU.ActiveCfg = Release|Any CPU
		{8A177EEC-6E6B-471C-B380-1A334246460A}.Release|Any CPU.Build.0 = Release|Any CPU
		{37716273-227D-4470-A7E0-C3C4109C4ECD}.Debug|Any CPU.ActiveCfg = Debug|Any CPU
		{37716273-227D-4470-A7E0-C3C4109C4ECD}.Debug|Any CPU.Build.0 = Debug|Any CPU
		{37716273-227D-4470-A7E0-C3C4109C4ECD}.Release|Any CPU.ActiveCfg = Release|Any CPU
		{37716273-227D-4470-A7E0-C3C4109C4ECD}.Release|Any CPU.Build.0 = Release|Any CPU
	EndGlobalSection
	GlobalSection(SolutionProperties) = preSolution
		HideSolutionNode = FALSE
	EndGlobalSection
EndGlobal
